
Microsoft Visual Studio Solution File, Format Version 12.00
# Visual Studio Version 17
VisualStudioVersion = 17.4.33103.184
MinimumVisualStudioVersion = 10.0.40219.1
Project("{FAE04EC0-301F-11D3-BF4B-00C04F79EFBC}") = "ByteBank_SharpCoders_BrunoCoelho", "ByteBank_SharpCoders_BrunoCoelho\ByteBank_SharpCoders_BrunoCoelho.csproj", "{A200A212-97B9-4F2F-BB42-83BADA01F592}"
EndProject
Global
	GlobalSection(SolutionConfigurationPlatforms) = preSolution
		Debug|Any CPU = Debug|Any CPU
		Release|Any CPU = Release|Any CPU
	EndGlobalSection
	GlobalSection(ProjectConfigurationPlatforms) = postSolution
		{A200A212-97B9-4F2F-BB42-83BADA01F592}.Debug|Any CPU.ActiveCfg = Debug|Any CPU
		{A200A212-97B9-4F2F-BB42-83BADA01F592}.Debug|Any CPU.Build.0 = Debug|Any CPU
		{A200A212-97B9-4F2F-BB42-83BADA01F592}.Release|Any CPU.ActiveCfg = Release|Any CPU
		{A200A212-97B9-4F2F-BB42-83BADA01F592}.Release|Any CPU.Build.0 = Release|Any CPU
	EndGlobalSection
	GlobalSection(SolutionProperties) = preSolution
		HideSolutionNode = FALSE
	EndGlobalSection
	GlobalSection(ExtensibilityGlobals) = postSolution
		SolutionGuid = {5410E037-E7ED-4D60-9FA9-1A5F4A056F0A}
	EndGlobalSection
EndGlobal
